dependencies:
- name: kube-state-metrics
  repository: https://prometheus-community.github.io/helm-charts
  version: 5.30.1
- name: grafana
  repository: https://grafana.github.io/helm-charts
  version: 8.10.4
- name: cert-manager
  repository: https://charts.jetstack.io
  version: v1.17.1
digest: sha256:ea7bb6c2b69918f9bba0df21169c8e018bba2a1ef21a5f3355f6af4898a27705
generated: "2025-03-17T15:00:31.922211+02:00"
